Microsoft Visual Studio Solution File, Format Version 12.00
# Visual Studio 15
VisualStudioVersion = 15.0.28010.2048
MinimumVisualStudioVersion = 10.0.40219.1
Project("{FAE04EC0-301F-11D3-BF4B-00C04F79EFBC}") = "XCRM.Win", "XCRM.Win\XCRM.Win.csproj", "{7C897FFE-B6D7-4768-9F37-CD0414E50BA2}"
EndProject
Project("{FAE04EC0-301F-11D3-BF4B-00C04F79EFBC}") = "XCRM.Web", "XCRM.Web\XCRM.Web.csproj", "{CA2AAF37-8C09-4F5E-B05F-180D991A3693}"
EndProject
Project("{FAE04EC0-301F-11D3-BF4B-00C04F79EFBC}") = "XCRM.Module", "XCRM.Module\XCRM.Module.csproj", "{BBA62382-C9A9-458C-9B00-C9694227C6E3}"
EndProject
Project("{FAE04EC0-301F-11D3-BF4B-00C04F79EFBC}") = "XCRM.Module.Web", "XCRM.Module.Web\XCRM.Module.Web.csproj", "{29AA8B47-7C74-43AA-9C9C-C4FAF4343022}"
EndProject
Global
	GlobalSection(SolutionConfigurationPlatforms) = preSolution
		Debug|Any CPU = Debug|Any CPU
		EasyTest|Any CPU = EasyTest|Any CPU
		Release|Any CPU = Release|Any CPU
	EndGlobalSection
	GlobalSection(ProjectConfigurationPlatforms) = postSolution
		{7C897FFE-B6D7-4768-9F37-CD0414E50BA2}.Debug|Any CPU.ActiveCfg = Debug|Any CPU
		{7C897FFE-B6D7-4768-9F37-CD0414E50BA2}.Debug|Any CPU.Build.0 = Debug|Any CPU
		{7C897FFE-B6D7-4768-9F37-CD0414E50BA2}.EasyTest|Any CPU.ActiveCfg = EasyTest|Any CPU
		{7C897FFE-B6D7-4768-9F37-CD0414E50BA2}.EasyTest|Any CPU.Build.0 = EasyTest|Any CPU
		{7C897FFE-B6D7-4768-9F37-CD0414E50BA2}.Release|Any CPU.ActiveCfg = Release|Any CPU
		{7C897FFE-B6D7-4768-9F37-CD0414E50BA2}.Release|Any CPU.Build.0 = Release|Any CPU
		{CA2AAF37-8C09-4F5E-B05F-180D991A3693}.Debug|Any CPU.ActiveCfg = Debug|Any CPU
		{CA2AAF37-8C09-4F5E-B05F-180D991A3693}.Debug|Any CPU.Build.0 = Debug|Any CPU
		{CA2AAF37-8C09-4F5E-B05F-180D991A3693}.EasyTest|Any CPU.ActiveCfg = EasyTest|Any CPU
		{CA2AAF37-8C09-4F5E-B05F-180D991A3693}.EasyTest|Any CPU.Build.0 = EasyTest|Any CPU
		{CA2AAF37-8C09-4F5E-B05F-180D991A3693}.Release|Any CPU.ActiveCfg = Release|Any CPU
		{CA2AAF37-8C09-4F5E-B05F-180D991A3693}.Release|Any CPU.Build.0 = Release|Any CPU
		{BBA62382-C9A9-458C-9B00-C9694227C6E3}.Debug|Any CPU.ActiveCfg = Debug|Any CPU
		{BBA62382-C9A9-458C-9B00-C9694227C6E3}.Debug|Any CPU.Build.0 = Debug|Any CPU
		{BBA62382-C9A9-458C-9B00-C9694227C6E3}.EasyTest|Any CPU.ActiveCfg = EasyTest|Any CPU
		{BBA62382-C9A9-458C-9B00-C9694227C6E3}.EasyTest|Any CPU.Build.0 = EasyTest|Any CPU
		{BBA62382-C9A9-458C-9B00-C9694227C6E3}.Release|Any CPU.ActiveCfg = Release|Any CPU
		{BBA62382-C9A9-458C-9B00-C9694227C6E3}.Release|Any CPU.Build.0 = Release|Any CPU
		{29AA8B47-7C74-43AA-9C9C-C4FAF4343022}.Debug|Any CPU.ActiveCfg = Debug|Any CPU
		{29AA8B47-7C74-43AA-9C9C-C4FAF4343022}.Debug|Any CPU.Build.0 = Debug|Any CPU
		{29AA8B47-7C74-43AA-9C9C-C4FAF4343022}.EasyTest|Any CPU.ActiveCfg = Release|Any CPU
		{29AA8B47-7C74-43AA-9C9C-C4FAF4343022}.EasyTest|Any CPU.Build.0 = Release|Any CPU
		{29AA8B47-7C74-43AA-9C9C-C4FAF4343022}.Release|Any CPU.ActiveCfg = Release|Any CPU
		{29AA8B47-7C74-43AA-9C9C-C4FAF4343022}.Release|Any CPU.Build.0 = Release|Any CPU
	EndGlobalSection
	GlobalSection(SolutionProperties) = preSolution
		HideSolutionNode = FALSE
	EndGlobalSection
	GlobalSection(ExtensibilityGlobals) = postSolution
		SolutionGuid = {C7493185-5C7A-4373-9B8B-4677173B7E7B}
	EndGlobalSection
EndGlobal
